
Microsoft Visual Studio Solution File, Format Version 12.00
# Visual Studio Version 17
VisualStudioVersion = 17.6.33815.320
MinimumVisualStudioVersion = 10.0.40219.1
Project("{9A19103F-16F7-4668-BE54-9A1E7A4F7556}") = "SG.Kata", "SG.Kata\SG.Kata.csproj", "{6B76F5E1-131D-4C62-A77D-517AC508F20D}"
EndProject
Project("{9A19103F-16F7-4668-BE54-9A1E7A4F7556}") = "SG.REPOSITORY", "SG.DEPOT\SG.REPOSITORY.csproj", "{1DADFCEB-DB59-4A24-BCEF-FFEDA1EB7E5A}"
EndProject
Project("{9A19103F-16F7-4668-BE54-9A1E7A4F7556}") = "SG.ENTITY", "SG.ENTITE\SG.ENTITY.csproj", "{D237B1DE-A17A-40BB-B21A-F47599B592B2}"
EndProject
Project("{9A19103F-16F7-4668-BE54-9A1E7A4F7556}") = "SG.APPLICATION", "SG.Application\SG.APPLICATION.csproj", "{0F1411F2-FFC6-470F-A416-A885E867CFD2}"
EndProject
Project("{FAE04EC0-301F-11D3-BF4B-00C04F79EFBC}") = "SG.UNIT.TESTS", "SG.UNIT.TESTS\SG.UNIT.TESTS.csproj", "{442B8A79-473E-49F2-8B41-E70150DFE69B}"
EndProject
Global
	GlobalSection(SolutionConfigurationPlatforms) = preSolution
		Debug|Any CPU = Debug|Any CPU
		Release|Any CPU = Release|Any CPU
	EndGlobalSection
	GlobalSection(ProjectConfigurationPlatforms) = postSolution
		{6B76F5E1-131D-4C62-A77D-517AC508F20D}.Debug|Any CPU.ActiveCfg = Debug|Any CPU
		{6B76F5E1-131D-4C62-A77D-517AC508F20D}.Debug|Any CPU.Build.0 = Debug|Any CPU
		{6B76F5E1-131D-4C62-A77D-517AC508F20D}.Release|Any CPU.ActiveCfg = Release|Any CPU
		{6B76F5E1-131D-4C62-A77D-517AC508F20D}.Release|Any CPU.Build.0 = Release|Any CPU
		{1DADFCEB-DB59-4A24-BCEF-FFEDA1EB7E5A}.Debug|Any CPU.ActiveCfg = Debug|Any CPU
		{1DADFCEB-DB59-4A24-BCEF-FFEDA1EB7E5A}.Debug|Any CPU.Build.0 = Debug|Any CPU
		{1DADFCEB-DB59-4A24-BCEF-FFEDA1EB7E5A}.Release|Any CPU.ActiveCfg = Release|Any CPU
		{1DADFCEB-DB59-4A24-BCEF-FFEDA1EB7E5A}.Release|Any CPU.Build.0 = Release|Any CPU
		{D237B1DE-A17A-40BB-B21A-F47599B592B2}.Debug|Any CPU.ActiveCfg = Debug|Any CPU
		{D237B1DE-A17A-40BB-B21A-F47599B592B2}.Debug|Any CPU.Build.0 = Debug|Any CPU
		{D237B1DE-A17A-40BB-B21A-F47599B592B2}.Release|Any CPU.ActiveCfg = Release|Any CPU
		{D237B1DE-A17A-40BB-B21A-F47599B592B2}.Release|Any CPU.Build.0 = Release|Any CPU
		{0F1411F2-FFC6-470F-A416-A885E867CFD2}.Debug|Any CPU.ActiveCfg = Debug|Any CPU
		{0F1411F2-FFC6-470F-A416-A885E867CFD2}.Debug|Any CPU.Build.0 = Debug|Any CPU
		{0F1411F2-FFC6-470F-A416-A885E867CFD2}.Release|Any CPU.ActiveCfg = Release|Any CPU
		{0F1411F2-FFC6-470F-A416-A885E867CFD2}.Release|Any CPU.Build.0 = Release|Any CPU
		{442B8A79-473E-49F2-8B41-E70150DFE69B}.Debug|Any CPU.ActiveCfg = Debug|Any CPU
		{442B8A79-473E-49F2-8B41-E70150DFE69B}.Debug|Any CPU.Build.0 = Debug|Any CPU
		{442B8A79-473E-49F2-8B41-E70150DFE69B}.Release|Any CPU.ActiveCfg = Release|Any CPU
		{442B8A79-473E-49F2-8B41-E70150DFE69B}.Release|Any CPU.Build.0 = Release|Any CPU
	EndGlobalSection
	GlobalSection(SolutionProperties) = preSolution
		HideSolutionNode = FALSE
	EndGlobalSection
	GlobalSection(ExtensibilityGlobals) = postSolution
		SolutionGuid = {340F8237-1270-4F84-95DB-FA379CF9A14E}
	EndGlobalSection
EndGlobal
