
Microsoft Visual Studio Solution File, Format Version 12.00
# Visual Studio Version 17
VisualStudioVersion = 17.6.33815.320
MinimumVisualStudioVersion = 10.0.40219.1
Project("{FAE04EC0-301F-11D3-BF4B-00C04F79EFBC}") = "SG.Kata", "SG.Kata\SG.Kata.csproj", "{6B76F5E1-131D-4C62-A77D-517AC508F20D}"
EndProject
Project("{FAE04EC0-301F-11D3-BF4B-00C04F79EFBC}") = "SG.DEPOT", "SG.DEPOT\SG.DEPOT.csproj", "{1DADFCEB-DB59-4A24-BCEF-FFEDA1EB7E5A}"
EndProject
Project("{FAE04EC0-301F-11D3-BF4B-00C04F79EFBC}") = "SG.ENTITE", "SG.ENTITE\SG.ENTITE.csproj", "{D237B1DE-A17A-40BB-B21A-F47599B592B2}"
EndProject
Project("{FAE04EC0-301F-11D3-BF4B-00C04F79EFBC}") = "SG.Application", "SG.Application\SG.Application.csproj", "{0F1411F2-FFC6-470F-A416-A885E867CFD2}"
EndProject
Project("{FAE04EC0-301F-11D3-BF4B-00C04F79EFBC}") = "SG.Mvc", "SG.Mvc\SG.Mvc.csproj", "{FCFFF54A-7446-4E2D-BC55-6F84CFC3B829}"
EndProject
Global
	GlobalSection(SolutionConfigurationPlatforms) = preSolution
		Debug|Any CPU = Debug|Any CPU
		Release|Any CPU = Release|Any CPU
	EndGlobalSection
	GlobalSection(ProjectConfigurationPlatforms) = postSolution
		{6B76F5E1-131D-4C62-A77D-517AC508F20D}.Debug|Any CPU.ActiveCfg = Debug|Any CPU
		{6B76F5E1-131D-4C62-A77D-517AC508F20D}.Debug|Any CPU.Build.0 = Debug|Any CPU
		{6B76F5E1-131D-4C62-A77D-517AC508F20D}.Release|Any CPU.ActiveCfg = Release|Any CPU
		{6B76F5E1-131D-4C62-A77D-517AC508F20D}.Release|Any CPU.Build.0 = Release|Any CPU
		{1DADFCEB-DB59-4A24-BCEF-FFEDA1EB7E5A}.Debug|Any CPU.ActiveCfg = Debug|Any CPU
		{1DADFCEB-DB59-4A24-BCEF-FFEDA1EB7E5A}.Debug|Any CPU.Build.0 = Debug|Any CPU
		{1DADFCEB-DB59-4A24-BCEF-FFEDA1EB7E5A}.Release|Any CPU.ActiveCfg = Release|Any CPU
		{1DADFCEB-DB59-4A24-BCEF-FFEDA1EB7E5A}.Release|Any CPU.Build.0 = Release|Any CPU
		{D237B1DE-A17A-40BB-B21A-F47599B592B2}.Debug|Any CPU.ActiveCfg = Debug|Any CPU
		{D237B1DE-A17A-40BB-B21A-F47599B592B2}.Debug|Any CPU.Build.0 = Debug|Any CPU
		{D237B1DE-A17A-40BB-B21A-F47599B592B2}.Release|Any CPU.ActiveCfg = Release|Any CPU
		{D237B1DE-A17A-40BB-B21A-F47599B592B2}.Release|Any CPU.Build.0 = Release|Any CPU
		{0F1411F2-FFC6-470F-A416-A885E867CFD2}.Debug|Any CPU.ActiveCfg = Debug|Any CPU
		{0F1411F2-FFC6-470F-A416-A885E867CFD2}.Debug|Any CPU.Build.0 = Debug|Any CPU
		{0F1411F2-FFC6-470F-A416-A885E867CFD2}.Release|Any CPU.ActiveCfg = Release|Any CPU
		{0F1411F2-FFC6-470F-A416-A885E867CFD2}.Release|Any CPU.Build.0 = Release|Any CPU
		{FCFFF54A-7446-4E2D-BC55-6F84CFC3B829}.Debug|Any CPU.ActiveCfg = Debug|Any CPU
		{FCFFF54A-7446-4E2D-BC55-6F84CFC3B829}.Debug|Any CPU.Build.0 = Debug|Any CPU
		{FCFFF54A-7446-4E2D-BC55-6F84CFC3B829}.Release|Any CPU.ActiveCfg = Release|Any CPU
		{FCFFF54A-7446-4E2D-BC55-6F84CFC3B829}.Release|Any CPU.Build.0 = Release|Any CPU
	EndGlobalSection
	GlobalSection(SolutionProperties) = preSolution
		HideSolutionNode = FALSE
	EndGlobalSection
	GlobalSection(ExtensibilityGlobals) = postSolution
		SolutionGuid = {340F8237-1270-4F84-95DB-FA379CF9A14E}
	EndGlobalSection
EndGlobal
